{
  "version": "5",
  "specifiers": {
    "npm:@solana-program/system@0.12": "0.12.0_@solana+kit@6.5.0",
    "npm:@solana/kit@^6.5.0": "6.5.0",
    "npm:discordeno@21": "21.0.0",
    "npm:effect@^3.21.0": "3.21.0"
  },
  "npm": {
    "@discordeno/bot@21.0.0": {
      "integrity": "sha512-x6EcVHBvWIhjY5/lcwgZzzCiqdpKFZqu2qUaZqKb7RYS8L8Q8zY40hCnbToVehLB8+BGcnHzxCeEvWWg8tnT/g==",
      "dependencies": [
        "@discordeno/gateway",
        "@discordeno/rest",
        "@discordeno/types",
        "@discordeno/utils"
      ]
    },
    "@discordeno/gateway@21.0.0": {
      "integrity": "sha512-ur5Hatd1x86PPI4UnXKghAWat3vS90NvLJcpOSu1B1gYSENRZow8dohZ8Ov58SXWq5nZVuBYDJNCR248pWJvrg==",
      "dependencies": [
        "@discordeno/types",
        "@discordeno/utils",
        "ws"
      ],
      "optionalDependencies": [
        "fzstd"
      ]
    },
    "@discordeno/rest@21.0.0": {
      "integrity": "sha512-ew5ddhUd7Qyv/GSzCy42bEmRv0yr2PspCMsLD/NeMiTLd3+OrVN5pAxBN9z+9JpS/daiiD/PVmvuUAVx/nXTEw==",
      "dependencies": [
        "@discordeno/types",
        "@discordeno/utils"
      ]
    },
    "@discordeno/types@21.0.0": {
      "integrity": "sha512-TUZAEqqlXRNQji+NCaQo8DruzI8rXbBvMaZYsZvN9f03PrdSddzMOy3cjs4eeL6ZMVocmMVRIaVnB713blylCw=="
    },
    "@discordeno/utils@21.0.0": {
      "integrity": "sha512-I7I3Szlk+LkT/CRmJJiLPsjuBUjbuXUCvOzsgWCltkxDMIGmQeNoQtFK7t89V1Gcc4icsrnHVMho1BcaAITijg==",
      "dependencies": [
        "@discordeno/types"
      ]
    },
    "@solana-program/system@0.12.0_@solana+kit@6.5.0": {
      "integrity": "sha512-ZnAAWeGVMWNtJhw3GdifI2HnhZ0A0H0qs8tBkcFvxp/8wIavvO+GOM4Jd0N22u2+Lni2zcwvcrxrsxj6Mjphng==",
      "dependencies": [
        "@solana/kit"
      ]
    },
    "@solana/accounts@6.5.0": {
      "integrity": "sha512-h3zQFjwZjmy+YxgTGOEna6g74Tsn4hTBaBCslwPT4QjqWhywe2JrM2Ab0ANfJcj7g/xrHF5QJ/FnUIcyUTeVfQ==",
      "dependencies": [
        "@solana/addresses",
        "@solana/codecs-core",
        "@solana/codecs-strings",
        "@solana/errors",
        "@solana/rpc-spec",
        "@solana/rpc-types"
      ]
    },
    "@solana/addresses@6.5.0": {
      "integrity": "sha512-iD4/u3CWchQcPofbwzteaE9RnFJSoi654Rnhru5fOu6U2XOte3+7t50d6OxdxQ109ho2LqZyVtyCo2Wb7u1aJQ==",
      "dependencies": [
        "@solana/assertions",
        "@solana/codecs-core",
        "@solana/codecs-strings",
        "@solana/errors",
        "@solana/nominal-types"
      ]
    },
    "@solana/assertions@6.5.0": {
      "integrity": "sha512-rEAf40TtC9r6EtJFLe39WID4xnTNT6hdOVRfD1xDzmIQdVOyGgIbJGt2FAuB/uQDKLWneWMnvGDBim+K61Bljw==",
      "dependencies": [
        "@solana/errors"
      ]
    },
    "@solana/codecs-core@6.5.0": {
      "integrity": "sha512-Wb+YUj7vUKz5CxqZkrkugtQjxOP2fkMKnffySRlAmVAkpRnQvBY/2eP3VJAKTgDD4ru9xHSIQSpDu09hC/cQZg==",
      "dependencies": [
        "@solana/errors"
      ]
    },
    "@solana/codecs-data-structures@6.5.0": {
      "integrity": "sha512-Rxi5zVJ1YA+E6FoSQ7RHP+3DF4U7ski0mJ3H5CsYQP24QLRlBqWB3X6m2n9GHT5O3s49UR0sqeF4oyq0lF8bKw==",
      "dependencies": [
        "@solana/codecs-core",
        "@solana/codecs-numbers",
        "@solana/errors"
      ]
    },
    "@solana/codecs-numbers@6.5.0": {
      "integrity": "sha512-gU/7eYqD+zl2Kwzo7ctt7YHaxF+c3RX164F+iU4X02dwq8DGVcypp+kmEF1QaO6OiShtdryTxhL+JJmEBjhdfA==",
      "dependencies": [
        "@solana/codecs-core",
        "@solana/errors"
      ]
    },
    "@solana/codecs-strings@6.5.0": {
      "integrity": "sha512-9TuQQxumA9gWJeJzbv1GUg0+o0nZp204EijX3efR+lgBOKbkU7W0UWp33ygAZ+RvWE+kTs48ePoYoJ7UHpyxkQ==",
      "dependencies": [
        "@solana/codecs-core",
        "@solana/codecs-numbers",
        "@solana/errors"
      ]
    },
    "@solana/codecs@6.5.0": {
      "integrity": "sha512-WfqMqUXk4jcCJQ9nfKqjDcCJN2Pt8/AKe/E78z8OcblFGVJnTzcu2yZpE2gsqM+DJyCVKdQmOY+NS8Uckk5e5w==",
      "dependencies": [
        "@solana/codecs-core",
        "@solana/codecs-data-structures",
        "@solana/codecs-numbers",
        "@solana/codecs-strings",
        "@solana/options"
      ]
    },
    "@solana/errors@6.5.0": {
      "integrity": "sha512-XPc0I8Ck6vgx8Uu+LVLewx/1RWDkXkY3lU+1aN1kmbrPAQWbX4Txk7GPmuIIFpyys8o5aKocYfNxJOPKvfaQhg==",
      "dependencies": [
        "chalk",
        "commander"
      ],
      "bin": true
    },
    "@solana/fast-stable-stringify@6.5.0": {
      "integrity": "sha512-5ATQDwBVZMoenX5KS23uFswtaAGoaZB9TthzUXle3tkU3tOfgQTuEWEoqEBYc7ct0sK6LtyE1XXT/NP5YvAkkQ=="
    },
    "@solana/functional@6.5.0": {
      "integrity": "sha512-/KYgY7ZpBJfkN8+qlIvxuBpxv32U9jHXIOOJh3U5xk8Ncsa9Ex5VwbU9NkOf43MJjoIamsP0vARCHjcqJwe5JQ=="
    },
    "@solana/instruction-plans@6.5.0": {
      "integrity": "sha512-zp2asevpyMwvhajHYM1aruYpO+xf3LSwHEI2FK6E2hddYZaEhuBy+bz+NZ1ixCyfx3iXcq7MamlFQc2ySHDyUQ==",
      "dependencies": [
        "@solana/errors",
        "@solana/instructions",
        "@solana/keys",
        "@solana/promises",
        "@solana/transaction-messages",
        "@solana/transactions"
      ]
    },
    "@solana/instructions@6.5.0": {
      "integrity": "sha512-2mQP/1qqr5PCfaVMzs9KofBjpyS7J1sBV6PidGoX9Dg5/4UgwJJ+7yfCVQPn37l1nKCShm4I+pQAy5vbmrxJmA==",
      "dependencies": [
        "@solana/codecs-core",
        "@solana/errors"
      ]
    },
    "@solana/keys@6.5.0": {
      "integrity": "sha512-CN5jmodX9j5CZKrWLM5XGaRlrLl/Ebl4vgqDXrnwC2NiSfUslLsthuORMuVUTDqkzBX/jd/tgVXFRH2NYNzREQ==",
      "dependencies": [
        "@solana/assertions",
        "@solana/codecs-core",
        "@solana/codecs-strings",
        "@solana/errors",
        "@solana/nominal-types"
      ]
    },
    "@solana/kit@6.5.0": {
      "integrity": "sha512-4ysrtqMRd7CTYRv179gQq4kbw9zMsJCLhWjiyOmLZ4co4ld3L654D8ykW7yqWE5PJwF0hzEfheE7oBscO37nvw==",
      "dependencies": [
        "@solana/accounts",
        "@solana/addresses",
        "@solana/codecs",
        "@solana/errors",
        "@solana/functional",
        "@solana/instruction-plans",
        "@solana/instructions",
        "@solana/keys",
        "@solana/offchain-messages",
        "@solana/plugin-core",
        "@solana/plugin-interfaces",
        "@solana/program-client-core",
        "@solana/programs",
        "@solana/rpc",
        "@solana/rpc-api",
        "@solana/rpc-parsed-types",
        "@solana/rpc-spec-types",
        "@solana/rpc-subscriptions",
        "@solana/rpc-types",
        "@solana/signers",
        "@solana/sysvars",
        "@solana/transaction-confirmation",
        "@solana/transaction-messages",
        "@solana/transactions"
      ]
    },
    "@solana/nominal-types@6.5.0": {
      "integrity": "sha512-HngIM2nlaDPXk0EDX0PklFqpjGDKuOFnlEKS0bfr2F9CorFwiNhNjhb9lPH+FdgsogD1wJ8wgLMMk1LZWn5kgQ=="
    },
    "@solana/offchain-messages@6.5.0": {
      "integrity": "sha512-IYuidJCwfXg5xlh3rkflkA1fbTKWTsip8MdI+znvXm87grfqOYCTd6t/SKiV4BhLl/65Tn0wB/zvZ1cmzJqa1w==",
      "dependencies": [
        "@solana/addresses",
        "@solana/codecs-core",
        "@solana/codecs-data-structures",
        "@solana/codecs-numbers",
        "@solana/codecs-strings",
        "@solana/errors",
        "@solana/keys",
        "@solana/nominal-types"
      ]
    },
    "@solana/options@6.5.0": {
      "integrity": "sha512-jdZjSKGCQpsMFK+3CiUEI7W9iGsndi46R4Abk66ULNLDoMsjvfqNy8kqktm0TN0++EX8dKEecpFwxFaA4VlY5g==",
      "dependencies": [
        "@solana/codecs-core",
        "@solana/codecs-data-structures",
        "@solana/codecs-numbers",
        "@solana/codecs-strings",
        "@solana/errors"
      ]
    },
    "@solana/plugin-core@6.5.0": {
      "integrity": "sha512-L6N69oNQOAqljH4GnLTaxpwJB0nibW9DrybHZxpGWshyv6b/EvwvkDVRKj5bNqtCG+HRZUHnEhLi1UgZVNkjpQ=="
    },
    "@solana/plugin-interfaces@6.5.0": {
      "integrity": "sha512-/ZlybbMaR7P4ySersOe1huioMADWze0AzsHbzgkpt5dJUv2tz5cpaKdu7TEVQkUZAFhLdqXQULNGqAU5neOgzg==",
      "dependencies": [
        "@solana/addresses",
        "@solana/instruction-plans",
        "@solana/keys",
        "@solana/rpc-spec",
        "@solana/rpc-subscriptions-spec",
        "@solana/rpc-types",
        "@solana/signers"
      ]
    },
    "@solana/program-client-core@6.5.0": {
      "integrity": "sha512-eUz1xSeDKySGIjToAryPmlESdj8KX0Np7R+Pjt+kSFGw5Jgmn/Inh4o8luoeEnf5XwbvSPVb4aHpIsDyoUVbIg==",
      "dependencies": [
        "@solana/accounts",
        "@solana/addresses",
        "@solana/codecs-core",
        "@solana/errors",
        "@solana/instruction-plans",
        "@solana/instructions",
        "@solana/plugin-interfaces",
        "@solana/rpc-api",
        "@solana/signers"
      ]
    },
    "@solana/programs@6.5.0": {
      "integrity": "sha512-srn3nEROBxCnBpVz/bvLkVln1BZtk3bS3nuReu3yaeOLkKl8b0h1Zp0YmXVyXHzdMcYahsTvKKLR1ZtLZEyEPA==",
      "dependencies": [
        "@solana/addresses",
        "@solana/errors"
      ]
    },
    "@solana/promises@6.5.0": {
      "integrity": "sha512-n5rsA3YwOO2nUst6ghuVw6RSnuZQYqevqBKqVYbw11Z4XezsoQ6hb78opW3J9YNYapw9wLWy6tEfUsJjY+xtGw=="
    },
    "@solana/rpc-api@6.5.0": {
      "integrity": "sha512-b+kftroO8vZFzLHj7Nk/uATS3HOlBUsUqdGg3eTQrW1pFgkyq5yIoEYHeFF7ApUN/SJLTK86U8ofCaXabd2SXA==",
      "dependencies": [
        "@solana/addresses",
        "@solana/codecs-core",
        "@solana/codecs-strings",
        "@solana/errors",
        "@solana/keys",
        "@solana/rpc-parsed-types",
        "@solana/rpc-spec",
        "@solana/rpc-transformers",
        "@solana/rpc-types",
        "@solana/transaction-messages",
        "@solana/transactions"
      ]
    },
    "@solana/rpc-parsed-types@6.5.0": {
      "integrity": "sha512-129c8meL6CxRg56/HfhkFOpwYteQH9Rt0wyXOXZQx3a3FNpcJLd4JdPvxDsLBE3EupEkXLGVku/1bGKz+F2J+g=="
    },
    "@solana/rpc-spec-types@6.5.0": {
      "integrity": "sha512-XasJp+sOW6PLfNoalzoLnm+j3LEZF8XOQmSrOqv9AGrGxQckkuOf6iXZucWTqeNKdstsOpU28BN2B6qOavfRzQ=="
    },
    "@solana/rpc-spec@6.5.0": {
      "integrity": "sha512-k4O7Kg0QfVyjUqQovL+WZJ1iuPzq0jiUDcWYgvzFjYVxQDVOIZmAol7yTvLEL4maVmf0tNFDsrDaB6t75MKRZA==",
      "dependencies": [
        "@solana/errors",
        "@solana/rpc-spec-types"
      ]
    },
    "@solana/rpc-subscriptions-api@6.5.0": {
      "integrity": "sha512-smqNjT2C5Vf9nWGIwiYOLOP744gRWKi2i2g0i3ZVdsfoouvB0d/WTQ2bbWq47MrdV8FSuGnjAOM3dRIwYmYOWw==",
      "dependencies": [
        "@solana/addresses",
        "@solana/keys",
        "@solana/rpc-subscriptions-spec",
        "@solana/rpc-transformers",
        "@solana/rpc-types",
        "@solana/transaction-messages",
        "@solana/transactions"
      ]
    },
    "@solana/rpc-subscriptions-channel-websocket@6.5.0": {
      "integrity": "sha512-xRKH3ZwIoV9Zua9Gp0RR0eL8lXNgx+iNIkE3F0ROlOzI48lt4lRJ7jLrHQCN3raVtkatFVuEyZ7e9eLHK9zhAw==",
      "dependencies": [
        "@solana/errors",
        "@solana/functional",
        "@solana/rpc-subscriptions-spec",
        "@solana/subscribable",
        "ws"
      ]
    },
    "@solana/rpc-subscriptions-spec@6.5.0": {
      "integrity": "sha512-Mi8g9rNS2lG7lyNkDhOVfQVfDC7hXKgH+BlI5qKGk+8cfyU7VDq6tVjDysu6kBWGOPHZxyCvcL6+xW/EkdVoAg==",
      "dependencies": [
        "@solana/errors",
        "@solana/promises",
        "@solana/rpc-spec-types",
        "@solana/subscribable"
      ]
    },
    "@solana/rpc-subscriptions@6.5.0": {
      "integrity": "sha512-EenogPQw9Iy8VUj8anu7xoBnPk7gu1J6sAi4MTVlNVz02sNjdUBJoSS0PRJZuhSM1ktPTtHrNwqlXP8TxPR7jg==",
      "dependencies": [
        "@solana/errors",
        "@solana/fast-stable-stringify",
        "@solana/functional",
        "@solana/promises",
        "@solana/rpc-spec-types",
        "@solana/rpc-subscriptions-api",
        "@solana/rpc-subscriptions-channel-websocket",
        "@solana/rpc-subscriptions-spec",
        "@solana/rpc-transformers",
        "@solana/rpc-types",
        "@solana/subscribable"
      ]
    },
    "@solana/rpc-transformers@6.5.0": {
      "integrity": "sha512-kS0d+LuuSLfsod2cm2xp0mNj65PL1aomwu6VKtubmsdESwPXHIaI9XrpkPCBuhNSz1SwVp4OkfK5O/VOOHYHSw==",
      "dependencies": [
        "@solana/errors",
        "@solana/functional",
        "@solana/nominal-types",
        "@solana/rpc-spec-types",
        "@solana/rpc-types"
      ]
    },
    "@solana/rpc-transport-http@6.5.0": {
      "integrity": "sha512-A3qgDGiUIHdtAfc2OyazlQa7IvRh+xyl0dmzaZlz4rY7Oc7Xk8jmXtaKGkgXihLyAK3oVSqSz5gn9yEfx55eXA==",
      "dependencies": [
        "@solana/errors",
        "@solana/rpc-spec",
        "@solana/rpc-spec-types",
        "undici-types"
      ]
    },
    "@solana/rpc-types@6.5.0": {
      "integrity": "sha512-hxts27+Z2VNv4IjXGcXkqbj/MgrN9Xtw/4iE1qZk68T2OAb5vA4b8LHchsOHmHvrzZfo8XDvB9mModCdM3JPsQ==",
      "dependencies": [
        "@solana/addresses",
        "@solana/codecs-core",
        "@solana/codecs-numbers",
        "@solana/codecs-strings",
        "@solana/errors",
        "@solana/nominal-types"
      ]
    },
    "@solana/rpc@6.5.0": {
      "integrity": "sha512-lGj7ZMVOR3Rf16aByXD6ghrMqw3G8rAMuWCHU4uMKES5M5VLqNv6o71bSyoTxVMGrmYdbALOvCbFMFINAxtoBg==",
      "dependencies": [
        "@solana/errors",
        "@solana/fast-stable-stringify",
        "@solana/functional",
        "@solana/rpc-api",
        "@solana/rpc-spec",
        "@solana/rpc-spec-types",
        "@solana/rpc-transformers",
        "@solana/rpc-transport-http",
        "@solana/rpc-types"
      ]
    },
    "@solana/signers@6.5.0": {
      "integrity": "sha512-AL75/DyDUhc+QQ+VGZT7aRwJNzIUTWvmLNXQRlCVhLRuyroXzZEL2WJBs8xOwbZXjY8weacfYT7UNM8qK6ucDg==",
      "dependencies": [
        "@solana/addresses",
        "@solana/codecs-core",
        "@solana/errors",
        "@solana/instructions",
        "@solana/keys",
        "@solana/nominal-types",
        "@solana/offchain-messages",
        "@solana/transaction-messages",
        "@solana/transactions"
      ]
    },
    "@solana/subscribable@6.5.0": {
      "integrity": "sha512-Jmy2NYmQN68FsQzKJ5CY3qrxXBJdb5qtJKp8B4byPPO5liKNIsC59HpT0Tq8MCNSfBMmOkWF2rrVot2/g1iB1A==",
      "dependencies": [
        "@solana/errors"
      ]
    },
    "@solana/sysvars@6.5.0": {
      "integrity": "sha512-iLSS5qj0MWNiGH1LN1E4jhGsXH9D3tWSjwaB6zK9LjhLdVYcPfkosBkj7s0EHHrH03QlwiuFdU0Y2kH8Jcp8kw==",
      "dependencies": [
        "@solana/accounts",
        "@solana/codecs-core",
        "@solana/codecs-data-structures",
        "@solana/codecs-numbers",
        "@solana/errors",
        "@solana/rpc-types"
      ]
    },
    "@solana/transaction-confirmation@6.5.0": {
      "integrity": "sha512-hfdRBq4toZj7DRMgBN3F0VtJpmTAEtcVTTDZoiszoSpSVa2cAvFth6KypIqASVFZyi9t4FKolLP8ASd3/39UQg==",
      "dependencies": [
        "@solana/addresses",
        "@solana/codecs-strings",
        "@solana/errors",
        "@solana/keys",
        "@solana/promises",
        "@solana/rpc",
        "@solana/rpc-subscriptions",
        "@solana/rpc-types",
        "@solana/transaction-messages",
        "@solana/transactions"
      ]
    },
    "@solana/transaction-messages@6.5.0": {
      "integrity": "sha512-ueXkm5xaRlqYBFAlABhaCKK/DuzIYSot0FybwSDeOQCDy2hvU9Zda16Iwa1n56M0fG+XUvFJz2woG3u9DhQh1g==",
      "dependencies": [
        "@solana/addresses",
        "@solana/codecs-core",
        "@solana/codecs-data-structures",
        "@solana/codecs-numbers",
        "@solana/errors",
        "@solana/functional",
        "@solana/instructions",
        "@solana/nominal-types",
        "@solana/rpc-types"
      ]
    },
    "@solana/transactions@6.5.0": {
      "integrity": "sha512-b3eJrrGmwpk64VLHjOrmXKAahPpba42WX/FqSUn4WRXPoQjga7Mb57yp+EaRVeQfjszKCkF+13yu+ni6iv2NFQ==",
      "dependencies": [
        "@solana/addresses",
        "@solana/codecs-core",
        "@solana/codecs-data-structures",
        "@solana/codecs-numbers",
        "@solana/codecs-strings",
        "@solana/errors",
        "@solana/functional",
        "@solana/instructions",
        "@solana/keys",
        "@solana/nominal-types",
        "@solana/rpc-types",
        "@solana/transaction-messages"
      ]
    },
    "@standard-schema/spec@1.1.0": {
      "integrity": "sha512-l2aFy5jALhniG5HgqrD6jXLi/rUWrKvqN/qJx6yoJsgKhblVd+iqqU4RCXavm/jPityDo5TCvKMnpjKnOriy0w=="
    },
    "chalk@5.6.2": {
      "integrity": "sha512-7NzBL0rN6fMUW+f7A6Io4h40qQlG+xGmtMxfbnH/K7TAtt8JQWVQK+6g0UXKMeVJoyV5EkkNsErQ8pVD3bLHbA=="
    },
    "commander@14.0.3": {
      "integrity": "sha512-H+y0Jo/T1RZ9qPP4Eh1pkcQcLRglraJaSLoyOtHxu6AapkjWVCy2Sit1QQ4x3Dng8qDlSsZEet7g5Pq06MvTgw=="
    },
    "discordeno@21.0.0": {
      "integrity": "sha512-NX1x5GtHbrNhpeahfHw+2A6/3bpec2obNjIZ/mkBUGWcpLWG/ZgJSIkkdQIxcrnQ3loQooo/5IpBucnFTiGATA==",
      "dependencies": [
        "@discordeno/bot",
        "@discordeno/gateway",
        "@discordeno/rest",
        "@discordeno/types",
        "@discordeno/utils"
      ]
    },
    "effect@3.21.0": {
      "integrity": "sha512-PPN80qRokCd1f015IANNhrwOnLO7GrrMQfk4/lnZRE/8j7UPWrNNjPV0uBrZutI/nHzernbW+J0hdqQysHiSnQ==",
      "dependencies": [
        "@standard-schema/spec",
        "fast-check"
      ]
    },
    "fast-check@3.23.2": {
      "integrity": "sha512-h5+1OzzfCC3Ef7VbtKdcv7zsstUQwUDlYpUTvjeUsJAssPgLn7QzbboPtL5ro04Mq0rPOsMzl7q5hIbRs2wD1A==",
      "dependencies": [
        "pure-rand"
      ]
    },
    "fzstd@0.1.1": {
      "integrity": "sha512-dkuVSOKKwh3eas5VkJy1AW1vFpet8TA/fGmVA5krThl8YcOVE/8ZIoEA1+U1vEn5ckxxhLirSdY837azmbaNHA=="
    },
    "pure-rand@6.1.0": {
      "integrity": "sha512-bVWawvoZoBYpp6yIoQtQXHZjmz35RSVHnUOTefl8Vcjr8snTPY1wnpSPMWekcFwbxI6gtmT7rSYPFvz71ldiOA=="
    },
    "undici-types@7.24.5": {
      "integrity": "sha512-kNh333UBSbgK35OIW7FwJTr9tTfVIG51Fm1tSVT7m8foPHfDVjsb7OIee/q/rs3bB2aV/3qOPgG5mHNWl1odiA=="
    },
    "ws@8.20.0": {
      "integrity": "sha512-sAt8BhgNbzCtgGbt2OxmpuryO63ZoDk/sqaB/znQm94T4fCEsy/yV+7CdC1kJhOU9lboAEU7R3kquuycDoibVA=="
    }
  },
  "workspace": {
    "dependencies": [
      "npm:@solana-program/system@0.12",
      "npm:@solana/kit@^6.5.0",
      "npm:discordeno@21",
      "npm:effect@^3.21.0"
    ]
  }
}
